
Microsoft Visual Studio Solution File, Format Version 12.00
# Visual Studio 15
VisualStudioVersion = 15.0.27130.2026
MinimumVisualStudioVersion = 10.0.40219.1
Project("{8BC9CEB8-8B4A-11D0-8D11-00A0C91BC942}") = "SocketDLL", "SocketDLL\SocketDLL.vcxproj", "{A684E4D4-E4DE-45CF-AA7C-7C25CB63B5F1}"
EndProject
Project("{8BC9CEB8-8B4A-11D0-8D11-00A0C91BC942}") = "QtServer", "QtServer\QtServer.vcxproj", "{B12702AD-ABFB-343A-A199-8E24837244A3}"
EndProject
Project("{8BC9CEB8-8B4A-11D0-8D11-00A0C91BC942}") = "QtClient", "QtClient\QtClient.vcxproj", "{4567CDB3-F584-4993-9D84-6371E4032AB4}"
EndProject
Global
	GlobalSection(SolutionConfigurationPlatforms) = preSolution
		Debug|x64 = Debug|x64
		Debug|x86 = Debug|x86
		Release|x64 = Release|x64
		Release|x86 = Release|x86
	EndGlobalSection
	GlobalSection(ProjectConfigurationPlatforms) = postSolution
		{A684E4D4-E4DE-45CF-AA7C-7C25CB63B5F1}.Debug|x64.ActiveCfg = Debug|x64
		{A684E4D4-E4DE-45CF-AA7C-7C25CB63B5F1}.Debug|x64.Build.0 = Debug|x64
		{A684E4D4-E4DE-45CF-AA7C-7C25CB63B5F1}.Debug|x86.ActiveCfg = Debug|Win32
		{A684E4D4-E4DE-45CF-AA7C-7C25CB63B5F1}.Debug|x86.Build.0 = Debug|Win32
		{A684E4D4-E4DE-45CF-AA7C-7C25CB63B5F1}.Release|x64.ActiveCfg = Release|x64
		{A684E4D4-E4DE-45CF-AA7C-7C25CB63B5F1}.Release|x64.Build.0 = Release|x64
		{A684E4D4-E4DE-45CF-AA7C-7C25CB63B5F1}.Release|x86.ActiveCfg = Release|Win32
		{A684E4D4-E4DE-45CF-AA7C-7C25CB63B5F1}.Release|x86.Build.0 = Release|Win32
		{B12702AD-ABFB-343A-A199-8E24837244A3}.Debug|x64.ActiveCfg = Debug|x64
		{B12702AD-ABFB-343A-A199-8E24837244A3}.Debug|x64.Build.0 = Debug|x64
		{B12702AD-ABFB-343A-A199-8E24837244A3}.Debug|x86.ActiveCfg = Debug|x64
		{B12702AD-ABFB-343A-A199-8E24837244A3}.Release|x64.ActiveCfg = Release|x64
		{B12702AD-ABFB-343A-A199-8E24837244A3}.Release|x64.Build.0 = Release|x64
		{B12702AD-ABFB-343A-A199-8E24837244A3}.Release|x86.ActiveCfg = Release|x64
		{4567CDB3-F584-4993-9D84-6371E4032AB4}.Debug|x64.ActiveCfg = Debug|x64
		{4567CDB3-F584-4993-9D84-6371E4032AB4}.Debug|x64.Build.0 = Debug|x64
		{4567CDB3-F584-4993-9D84-6371E4032AB4}.Debug|x86.ActiveCfg = Debug|x64
		{4567CDB3-F584-4993-9D84-6371E4032AB4}.Release|x64.ActiveCfg = Release|x64
		{4567CDB3-F584-4993-9D84-6371E4032AB4}.Release|x64.Build.0 = Release|x64
		{4567CDB3-F584-4993-9D84-6371E4032AB4}.Release|x86.ActiveCfg = Release|x64
	EndGlobalSection
	GlobalSection(SolutionProperties) = preSolution
		HideSolutionNode = FALSE
	EndGlobalSection
	GlobalSection(ExtensibilityGlobals) = postSolution
		SolutionGuid = {4701B7CC-E905-43EA-8206-5595F1C6A807}
	EndGlobalSection
EndGlobal
